
Microsoft Visual Studio Solution File, Format Version 12.00
# Visual Studio 14
VisualStudioVersion = 14.0.25123.0
MinimumVisualStudioVersion = 10.0.40219.1
Project("{FAE04EC0-301F-11D3-BF4B-00C04F79EFBC}") = "GMTSongbook", "GMTSongbook\GMTSongbook.csproj", "{62455951-1560-4313-AD1E-0BE6977CF483}"
EndProject
Project("{FAE04EC0-301F-11D3-BF4B-00C04F79EFBC}") = "GMTSongbook.Tests", "GMTSongbook.Tests\GMTSongbook.Tests.csproj", "{98711DD0-60C2-4878-974E-B9B64DFFFB17}"
EndProject
Global
	GlobalSection(SolutionConfigurationPlatforms) = preSolution
		Debug|Any CPU = Debug|Any CPU
		Release|Any CPU = Release|Any CPU
	EndGlobalSection
	GlobalSection(ProjectConfigurationPlatforms) = postSolution
		{62455951-1560-4313-AD1E-0BE6977CF483}.Debug|Any CPU.ActiveCfg = Debug|Any CPU
		{62455951-1560-4313-AD1E-0BE6977CF483}.Debug|Any CPU.Build.0 = Debug|Any CPU
		{62455951-1560-4313-AD1E-0BE6977CF483}.Release|Any CPU.ActiveCfg = Release|Any CPU
		{62455951-1560-4313-AD1E-0BE6977CF483}.Release|Any CPU.Build.0 = Release|Any CPU
		{98711DD0-60C2-4878-974E-B9B64DFFFB17}.Debug|Any CPU.ActiveCfg = Debug|Any CPU
		{98711DD0-60C2-4878-974E-B9B64DFFFB17}.Debug|Any CPU.Build.0 = Debug|Any CPU
		{98711DD0-60C2-4878-974E-B9B64DFFFB17}.Release|Any CPU.ActiveCfg = Release|Any CPU
		{98711DD0-60C2-4878-974E-B9B64DFFFB17}.Release|Any CPU.Build.0 = Release|Any CPU
	EndGlobalSection
	GlobalSection(SolutionProperties) = preSolution
		HideSolutionNode = FALSE
	EndGlobalSection
EndGlobal
